
Microsoft Visual Studio Solution File, Format Version 12.00
# Visual Studio Version 16
VisualStudioVersion = 16.0.31410.357
MinimumVisualStudioVersion = 10.0.40219.1
Project("{FAE04EC0-301F-11D3-BF4B-00C04F79EFBC}") = "ModeloPadraoAPIs", "ModeloPadraoAPIs\ModeloPadraoAPIs.csproj", "{AC64A03A-4C0F-4818-94F1-AE473FD48848}"
EndProject
Global
	GlobalSection(SolutionConfigurationPlatforms) = preSolution
		Debug|Any CPU = Debug|Any CPU
		Release|Any CPU = Release|Any CPU
	EndGlobalSection
	GlobalSection(ProjectConfigurationPlatforms) = postSolution
		{AC64A03A-4C0F-4818-94F1-AE473FD48848}.Debug|Any CPU.ActiveCfg = Debug|Any CPU
		{AC64A03A-4C0F-4818-94F1-AE473FD48848}.Debug|Any CPU.Build.0 = Debug|Any CPU
		{AC64A03A-4C0F-4818-94F1-AE473FD48848}.Release|Any CPU.ActiveCfg = Release|Any CPU
		{AC64A03A-4C0F-4818-94F1-AE473FD48848}.Release|Any CPU.Build.0 = Release|Any CPU
	EndGlobalSection
	GlobalSection(SolutionProperties) = preSolution
		HideSolutionNode = FALSE
	EndGlobalSection
	GlobalSection(ExtensibilityGlobals) = postSolution
		SolutionGuid = {5D668789-EA7E-407F-A725-D38735EA6D6A}
	EndGlobalSection
EndGlobal
